
Microsoft Visual Studio Solution File, Format Version 12.00
# Visual Studio Express 2013 for Windows Desktop
VisualStudioVersion = 12.0.31101.0
MinimumVisualStudioVersion = 10.0.40219.1
Project("{FAE04EC0-301F-11D3-BF4B-00C04F79EFBC}") = "FindReplaceEx", "FindReplaceEx.csproj", "{4C951C88-D15C-498B-B3CD-AFC5F7AF92D6}"
EndProject
Project("{FAE04EC0-301F-11D3-BF4B-00C04F79EFBC}") = "FlashDevelop", "..\..\..\..\FlashDevelop\flashdevelop-development\FlashDevelop\FlashDevelop.csproj", "{EFD07485-9A64-4EEC-94E7-ACBD4DA5CA93}"
EndProject
Global
	GlobalSection(SolutionConfigurationPlatforms) = preSolution
		Debug|Any CPU = Debug|Any CPU
		Debug|x86 = Debug|x86
		Release|Any CPU = Release|Any CPU
		Release|x86 = Release|x86
	EndGlobalSection
	GlobalSection(ProjectConfigurationPlatforms) = postSolution
		{4C951C88-D15C-498B-B3CD-AFC5F7AF92D6}.Debug|Any CPU.ActiveCfg = Debug|Any CPU
		{4C951C88-D15C-498B-B3CD-AFC5F7AF92D6}.Debug|Any CPU.Build.0 = Debug|Any CPU
		{4C951C88-D15C-498B-B3CD-AFC5F7AF92D6}.Debug|x86.ActiveCfg = Debug|x86
		{4C951C88-D15C-498B-B3CD-AFC5F7AF92D6}.Debug|x86.Build.0 = Debug|x86
		{4C951C88-D15C-498B-B3CD-AFC5F7AF92D6}.Release|Any CPU.ActiveCfg = Release|Any CPU
		{4C951C88-D15C-498B-B3CD-AFC5F7AF92D6}.Release|Any CPU.Build.0 = Release|Any CPU
		{4C951C88-D15C-498B-B3CD-AFC5F7AF92D6}.Release|x86.ActiveCfg = Release|x86
		{4C951C88-D15C-498B-B3CD-AFC5F7AF92D6}.Release|x86.Build.0 = Release|x86
		{EFD07485-9A64-4EEC-94E7-ACBD4DA5CA93}.Debug|Any CPU.ActiveCfg = Debug|Any CPU
		{EFD07485-9A64-4EEC-94E7-ACBD4DA5CA93}.Debug|Any CPU.Build.0 = Debug|Any CPU
		{EFD07485-9A64-4EEC-94E7-ACBD4DA5CA93}.Debug|x86.ActiveCfg = Debug|x86
		{EFD07485-9A64-4EEC-94E7-ACBD4DA5CA93}.Release|Any CPU.ActiveCfg = Release|Any CPU
		{EFD07485-9A64-4EEC-94E7-ACBD4DA5CA93}.Release|Any CPU.Build.0 = Release|Any CPU
		{EFD07485-9A64-4EEC-94E7-ACBD4DA5CA93}.Release|x86.ActiveCfg = Release|x86
		{EFD07485-9A64-4EEC-94E7-ACBD4DA5CA93}.Release|x86.Build.0 = Release|x86
	EndGlobalSection
	GlobalSection(SolutionProperties) = preSolution
		HideSolutionNode = FALSE
	EndGlobalSection
EndGlobal
